
Microsoft Visual Studio Solution File, Format Version 12.00
# Visual Studio Version 17
VisualStudioVersion = 17.3.32929.385
MinimumVisualStudioVersion = 10.0.40219.1
Project("{FAE04EC0-301F-11D3-BF4B-00C04F79EFBC}") = "SenOtelFr", "SenOtelFr\SenOtelFr.csproj", "{7593897F-046A-46A5-91F8-B8C81901D897}"
EndProject
Global
	GlobalSection(SolutionConfigurationPlatforms) = preSolution
		Debug|Any CPU = Debug|Any CPU
		Release|Any CPU = Release|Any CPU
	EndGlobalSection
	GlobalSection(ProjectConfigurationPlatforms) = postSolution
		{7593897F-046A-46A5-91F8-B8C81901D897}.Debug|Any CPU.ActiveCfg = Debug|Any CPU
		{7593897F-046A-46A5-91F8-B8C81901D897}.Debug|Any CPU.Build.0 = Debug|Any CPU
		{7593897F-046A-46A5-91F8-B8C81901D897}.Release|Any CPU.ActiveCfg = Release|Any CPU
		{7593897F-046A-46A5-91F8-B8C81901D897}.Release|Any CPU.Build.0 = Release|Any CPU
	EndGlobalSection
	GlobalSection(SolutionProperties) = preSolution
		HideSolutionNode = FALSE
	EndGlobalSection
	GlobalSection(ExtensibilityGlobals) = postSolution
		SolutionGuid = {BE16828B-E130-4507-9F61-27611F3EB07E}
	EndGlobalSection
EndGlobal
